
Microsoft Visual Studio Solution File, Format Version 12.00
# Visual Studio Version 17
VisualStudioVersion = 17.5.002.0
MinimumVisualStudioVersion = 10.0.40219.1
Project("{9A19103F-16F7-4668-BE54-9A1E7A4F7556}") = "UseCases", "UseCases\UseCases.csproj", "{F64DAC5C-F60C-4FF2-A682-66C8589C1309}"
EndProject
Project("{FAE04EC0-301F-11D3-BF4B-00C04F79EFBC}") = "Domain", "Domain\Domain.csproj", "{A0AA520E-4F15-46DA-91CA-4D608DBABC25}"
EndProject
Project("{FAE04EC0-301F-11D3-BF4B-00C04F79EFBC}") = "UseCases.Tests", "UseCases.Tests\UseCases.Tests.csproj", "{D088123C-38FF-4F23-8A71-76120B8EC72B}"
EndProject
Global
	GlobalSection(SolutionConfigurationPlatforms) = preSolution
		Debug|Any CPU = Debug|Any CPU
		Release|Any CPU = Release|Any CPU
	EndGlobalSection
	GlobalSection(ProjectConfigurationPlatforms) = postSolution
		{F64DAC5C-F60C-4FF2-A682-66C8589C1309}.Debug|Any CPU.ActiveCfg = Debug|Any CPU
		{F64DAC5C-F60C-4FF2-A682-66C8589C1309}.Debug|Any CPU.Build.0 = Debug|Any CPU
		{F64DAC5C-F60C-4FF2-A682-66C8589C1309}.Release|Any CPU.ActiveCfg = Release|Any CPU
		{F64DAC5C-F60C-4FF2-A682-66C8589C1309}.Release|Any CPU.Build.0 = Release|Any CPU
		{A0AA520E-4F15-46DA-91CA-4D608DBABC25}.Debug|Any CPU.ActiveCfg = Debug|Any CPU
		{A0AA520E-4F15-46DA-91CA-4D608DBABC25}.Debug|Any CPU.Build.0 = Debug|Any CPU
		{A0AA520E-4F15-46DA-91CA-4D608DBABC25}.Release|Any CPU.ActiveCfg = Release|Any CPU
		{A0AA520E-4F15-46DA-91CA-4D608DBABC25}.Release|Any CPU.Build.0 = Release|Any CPU
		{D088123C-38FF-4F23-8A71-76120B8EC72B}.Debug|Any CPU.ActiveCfg = Debug|Any CPU
		{D088123C-38FF-4F23-8A71-76120B8EC72B}.Debug|Any CPU.Build.0 = Debug|Any CPU
		{D088123C-38FF-4F23-8A71-76120B8EC72B}.Release|Any CPU.ActiveCfg = Release|Any CPU
		{D088123C-38FF-4F23-8A71-76120B8EC72B}.Release|Any CPU.Build.0 = Release|Any CPU
	EndGlobalSection
	GlobalSection(SolutionProperties) = preSolution
		HideSolutionNode = FALSE
	EndGlobalSection
	GlobalSection(ExtensibilityGlobals) = postSolution
		SolutionGuid = {DF63511C-9BAB-4ECA-A8F0-20340424CE1E}
	EndGlobalSection
EndGlobal
